
Microsoft Visual Studio Solution File, Format Version 12.00
# Visual Studio Version 17
VisualStudioVersion = 17.14.36202.13
MinimumVisualStudioVersion = 10.0.40219.1
Project("{FAE04EC0-301F-11D3-BF4B-00C04F79EFBC}") = "AppWeb", "LavacarSeLoChaneoADomicilio\AppWeb.csproj", "{AB133051-66BD-40C4-8CDC-4ECEB1AEF0F9}"
EndProject
Project("{FAE04EC0-301F-11D3-BF4B-00C04F79EFBC}") = "API", "API\API.csproj", "{F84E0546-2E36-434D-9F29-006DD85A2796}"
EndProject
Global
	GlobalSection(SolutionConfigurationPlatforms) = preSolution
		Debug|Any CPU = Debug|Any CPU
		Release|Any CPU = Release|Any CPU
	EndGlobalSection
	GlobalSection(ProjectConfigurationPlatforms) = postSolution
		{AB133051-66BD-40C4-8CDC-4ECEB1AEF0F9}.Debug|Any CPU.ActiveCfg = Debug|Any CPU
		{AB133051-66BD-40C4-8CDC-4ECEB1AEF0F9}.Debug|Any CPU.Build.0 = Debug|Any CPU
		{AB133051-66BD-40C4-8CDC-4ECEB1AEF0F9}.Release|Any CPU.ActiveCfg = Release|Any CPU
		{AB133051-66BD-40C4-8CDC-4ECEB1AEF0F9}.Release|Any CPU.Build.0 = Release|Any CPU
		{F84E0546-2E36-434D-9F29-006DD85A2796}.Debug|Any CPU.ActiveCfg = Debug|Any CPU
		{F84E0546-2E36-434D-9F29-006DD85A2796}.Debug|Any CPU.Build.0 = Debug|Any CPU
		{F84E0546-2E36-434D-9F29-006DD85A2796}.Release|Any CPU.ActiveCfg = Release|Any CPU
		{F84E0546-2E36-434D-9F29-006DD85A2796}.Release|Any CPU.Build.0 = Release|Any CPU
	EndGlobalSection
	GlobalSection(SolutionProperties) = preSolution
		HideSolutionNode = FALSE
	EndGlobalSection
	GlobalSection(ExtensibilityGlobals) = postSolution
		SolutionGuid = {E7F5FED1-3D01-49BD-9D39-67E5EA6F0DB7}
	EndGlobalSection
EndGlobal
