
Microsoft Visual Studio Solution File, Format Version 12.00
# Visual Studio Version 17
VisualStudioVersion = 17.11.35312.102
MinimumVisualStudioVersion = 10.0.40219.1
Project("{FAE04EC0-301F-11D3-BF4B-00C04F79EFBC}") = "TiendaDeportivaCliente.Interfaz", "TiendaDeportivaCliente.Interfaz\TiendaDeportivaCliente.Interfaz.csproj", "{663C7FD6-0541-4916-B670-2E85993C886D}"
EndProject
Project("{FAE04EC0-301F-11D3-BF4B-00C04F79EFBC}") = "TiendaDeportivaCliente.Entidades", "TiendaDeportivaCliente.Entidades\TiendaDeportivaCliente.Entidades.csproj", "{59B1D411-4073-49BD-996F-B870CDD25E10}"
EndProject
Global
	GlobalSection(SolutionConfigurationPlatforms) = preSolution
		Debug|Any CPU = Debug|Any CPU
		Release|Any CPU = Release|Any CPU
	EndGlobalSection
	GlobalSection(ProjectConfigurationPlatforms) = postSolution
		{663C7FD6-0541-4916-B670-2E85993C886D}.Debug|Any CPU.ActiveCfg = Debug|Any CPU
		{663C7FD6-0541-4916-B670-2E85993C886D}.Debug|Any CPU.Build.0 = Debug|Any CPU
		{663C7FD6-0541-4916-B670-2E85993C886D}.Release|Any CPU.ActiveCfg = Release|Any CPU
		{663C7FD6-0541-4916-B670-2E85993C886D}.Release|Any CPU.Build.0 = Release|Any CPU
		{59B1D411-4073-49BD-996F-B870CDD25E10}.Debug|Any CPU.ActiveCfg = Debug|Any CPU
		{59B1D411-4073-49BD-996F-B870CDD25E10}.Debug|Any CPU.Build.0 = Debug|Any CPU
		{59B1D411-4073-49BD-996F-B870CDD25E10}.Release|Any CPU.ActiveCfg = Release|Any CPU
		{59B1D411-4073-49BD-996F-B870CDD25E10}.Release|Any CPU.Build.0 = Release|Any CPU
	EndGlobalSection
	GlobalSection(SolutionProperties) = preSolution
		HideSolutionNode = FALSE
	EndGlobalSection
	GlobalSection(ExtensibilityGlobals) = postSolution
		SolutionGuid = {7DB6E209-6DFC-40FF-9CF3-A01895072A03}
	EndGlobalSection
EndGlobal
